// !$*UTF8*$!
{
	archiveVersion = 1;
	classes = {
	};
	objectVersion = 77;
	objects = {

/* Begin PBXContainerItemProxy section */
		E89C64432F9C2A45006AA2CB /* PBXContainerItemProxy */ = {
			isa = PBXContainerItemProxy;
			containerPortal = E89C642A2F9C2A45006AA2CB /* Project object */;
			proxyType = 1;
			remoteGlobalIDString = E89C64312F9C2A45006AA2CB;
			remoteInfo = AtividadeAcompanhamento2;
		};
		E89C644D2F9C2A45006AA2CB /* PBXContainerItemProxy */ = {
			isa = PBXContainerItemProxy;
			containerPortal = E89C642A2F9C2A45006AA2CB /* Project object */;
			proxyType = 1;
			remoteGlobalIDString = E89C64312F9C2A45006AA2CB;
			remoteInfo = AtividadeAcompanhamento2;
		};
/* End PBXContainerItemProxy section */

/* Begin PBXFileReference section */
		E89C64322F9C2A45006AA2CB /* AtividadeAcompanhamento2.app */ = {isa = PBXFileReference; explicitFileType = wrapper.application; includeInIndex = 0; path = AtividadeAcompanhamento2.app; sourceTree = BUILT_PRODUCTS_DIR; };
		E89C64422F9C2A45006AA2CB /* AtividadeAcompanhamento2Tests.xctest */ = {isa = PBXFileReference; explicitFileType = wrapper.cfbundle; includeInIndex = 0; path = AtividadeAcompanhamento2Tests.xctest; sourceTree = BUILT_PRODUCTS_DIR; };
		E89C644C2F9C2A45006AA2CB /* AtividadeAcompanhamento2UITests.xctest */ = {isa = PBXFileReference; explicitFileType = wrapper.cfbundle; includeInIndex = 0; path = AtividadeAcompanhamento2UITests.xctest; sourceTree = BUILT_PRODUCTS_DIR; };
/* End PBXFileReference section */

/* Begin PBXFileSystemSynchronizedBuildFileExceptionSet section */
		E89C64542F9C2A45006AA2CB /* Exceptions for "AtividadeAcompanhamento2" folder in "AtividadeAcompanhamento2" target */ = {
			isa = PBXFileSystemSynchronizedBuildFileExceptionSet;
			membershipExceptions = (
				Info.plist,
			);
			target = E89C64312F9C2A45006AA2CB /* AtividadeAcompanhamento2 */;
		};
/* End PBXFileSystemSynchronizedBuildFileExceptionSet section */

/* Begin PBXFileSystemSynchronizedRootGroup section */
		E89C64342F9C2A45006AA2CB /* AtividadeAcompanhamento2 */ = {
			isa = PBXFileSystemSynchronizedRootGroup;
			exceptions = (
				E89C64542F9C2A45006AA2CB /* Exceptions for "AtividadeAcompanhamento2" folder in "AtividadeAcompanhamento2" target */,
			);
			path = AtividadeAcompanhamento2;
			sourceTree = "<group>";
		};
		E89C64452F9C2A45006AA2CB /* AtividadeAcompanhamento2Tests */ = {
			isa = PBXFileSystemSynchronizedRootGroup;
			path = AtividadeAcompanhamento2Tests;
			sourceTree = "<group>";
		};
		E89C644F2F9C2A45006AA2CB /* AtividadeAcompanhamento2UITests */ = {
			isa = PBXFileSystemSynchronizedRootGroup;
			path = AtividadeAcompanhamento2UITests;
			sourceTree = "<group>";
		};
/* End PBXFileSystemSynchronizedRootGroup section */

/* Begin PBXFrameworksBuildPhase section */
		E89C642F2F9C2A45006AA2CB /* Frameworks */ = {
			isa = PBXFrameworksBuildPhase;
			buildActionMask = 2147483647;
			files = (
			);
			runOnlyForDeploymentPostprocessing = 0;
		};
		E89C643F2F9C2A45006AA2CB /* Frameworks */ = {
			isa = PBXFrameworksBuildPhase;
			buildActionMask = 2147483647;
			files = (
			);
			runOnlyForDeploymentPostprocessing = 0;
		};
		E89C64492F9C2A45006AA2CB /* Frameworks */ = {
			isa = PBXFrameworksBuildPhase;
			buildActionMask = 2147483647;
			files = (
			);
			runOnlyForDeploymentPostprocessing = 0;
		};
/* End PBXFrameworksBuildPhase section */

/* Begin PBXGroup section */
		E89C64292F9C2A45006AA2CB = {
			isa = PBXGroup;
			children = (
				E89C64342F9C2A45006AA2CB /* AtividadeAcompanhamento2 */,
				E89C64452F9C2A45006AA2CB /* AtividadeAcompanhamento2Tests */,
				E89C644F2F9C2A45006AA2CB /* AtividadeAcompanhamento2UITests */,
				E89C64332F9C2A45006AA2CB /* Products */,
			);
			sourceTree = "<group>";
		};
		E89C64332F9C2A45006AA2CB /* Products */ = {
			isa = PBXGroup;
			children = (
				E89C64322F9C2A45006AA2CB /* AtividadeAcompanhamento2.app */,
				E89C64422F9C2A45006AA2CB /* AtividadeAcompanhamento2Tests.xctest */,
				E89C644C2F9C2A45006AA2CB /* AtividadeAcompanhamento2UITests.xctest */,
			);
			name = Products;
			sourceTree = "<group>";
		};
/* End PBXGroup section */

/* Begin PBXNativeTarget section */
		E89C64312F9C2A45006AA2CB /* AtividadeAcompanhamento2 */ = {
			isa = PBXNativeTarget;
			buildConfigurationList = E89C64552F9C2A45006AA2CB /* Build configuration list for PBXNativeTarget "AtividadeAcompanhamento2" */;
			buildPhases = (
				E89C642E2F9C2A45006AA2CB /* Sources */,
				E89C642F2F9C2A45006AA2CB /* Frameworks */,
				E89C64302F9C2A45006AA2CB /* Resources */,
			);
			buildRules = (
			);
			dependencies = (
			);
			fileSystemSynchronizedGroups = (
				E89C64342F9C2A45006AA2CB /* AtividadeAcompanhamento2 */,
			);
			name = AtividadeAcompanhamento2;
			packageProductDependencies = (
			);
			productName = AtividadeAcompanhamento2;
			productReference = E89C64322F9C2A45006AA2CB /* AtividadeAcompanhamento2.app */;
			productType = "com.apple.product-type.application";
		};
		E89C64412F9C2A45006AA2CB /* AtividadeAcompanhamento2Tests */ = {
			isa = PBXNativeTarget;
			buildConfigurationList = E89C645A2F9C2A45006AA2CB /* Build configuration list for PBXNativeTarget "AtividadeAcompanhamento2Tests" */;
			buildPhases = (
				E89C643E2F9C2A45006AA2CB /* Sources */,
				E89C643F2F9C2A45006AA2CB /* Frameworks */,
				E89C64402F9C2A45006AA2CB /* Resources */,
			);
			buildRules = (
			);
			dependencies = (
				E89C64442F9C2A45006AA2CB /* PBXTargetDependency */,
			);
			fileSystemSynchronizedGroups = (
				E89C64452F9C2A45006AA2CB /* AtividadeAcompanhamento2Tests */,
			);
			name = AtividadeAcompanhamento2Tests;
			packageProductDependencies = (
			);
			productName = AtividadeAcompanhamento2Tests;
			productReference = E89C64422F9C2A45006AA2CB /* AtividadeAcompanhamento2Tests.xctest */;
			productType = "com.apple.product-type.bundle.unit-test";
		};
		E89C644B2F9C2A45006AA2CB /* AtividadeAcompanhamento2UITests */ = {
			isa = PBXNativeTarget;
			buildConfigurationList = E89C645D2F9C2A45006AA2CB /* Build configuration list for PBXNativeTarget "AtividadeAcompanhamento2UITests" */;
			buildPhases = (
				E89C64482F9C2A45006AA2CB /* Sources */,
				E89C64492F9C2A45006AA2CB /* Frameworks */,
				E89C644A2F9C2A45006AA2CB /* Resources */,
			);
			buildRules = (
			);
			dependencies = (
				E89C644E2F9C2A45006AA2CB /* PBXTargetDependency */,
			);
			fileSystemSynchronizedGroups = (
				E89C644F2F9C2A45006AA2CB /* AtividadeAcompanhamento2UITests */,
			);
			name = AtividadeAcompanhamento2UITests;
			packageProductDependencies = (
			);
			productName = AtividadeAcompanhamento2UITests;
			productReference = E89C644C2F9C2A45006AA2CB /* AtividadeAcompanhamento2UITests.xctest */;
			productType = "com.apple.product-type.bundle.ui-testing";
		};
/* End PBXNativeTarget section */

/* Begin PBXProject section */
		E89C642A2F9C2A45006AA2CB /* Project object */ = {
			isa = PBXProject;
			attributes = {
				BuildIndependentTargetsInParallel = 1;
				LastSwiftUpdateCheck = 2640;
				LastUpgradeCheck = 2640;
				TargetAttributes = {
					E89C64312F9C2A45006AA2CB = {
						CreatedOnToolsVersion = 26.4;
					};
					E89C64412F9C2A45006AA2CB = {
						CreatedOnToolsVersion = 26.4;
						TestTargetID = E89C64312F9C2A45006AA2CB;
					};
					E89C644B2F9C2A45006AA2CB = {
						CreatedOnToolsVersion = 26.4;
						TestTargetID = E89C64312F9C2A45006AA2CB;
					};
				};
			};
			buildConfigurationList = E89C642D2F9C2A45006AA2CB /* Build configuration list for PBXProject "AtividadeAcompanhamento2" */;
			developmentRegion = en;
			hasScannedForEncodings = 0;
			knownRegions = (
				en,
				Base,
			);
			mainGroup = E89C64292F9C2A45006AA2CB;
			minimizedProjectReferenceProxies = 1;
			preferredProjectObjectVersion = 77;
			productRefGroup = E89C64332F9C2A45006AA2CB /* Products */;
			projectDirPath = "";
			projectRoot = "";
			targets = (
				E89C64312F9C2A45006AA2CB /* AtividadeAcompanhamento2 */,
				E89C64412F9C2A45006AA2CB /* AtividadeAcompanhamento2Tests */,
				E89C644B2F9C2A45006AA2CB /* AtividadeAcompanhamento2UITests */,
			);
		};
/* End PBXProject section */

/* Begin PBXResourcesBuildPhase section */
		E89C64302F9C2A45006AA2CB /* Resources */ = {
			isa = PBXResourcesBuildPhase;
			buildActionMask = 2147483647;
			files = (
			);
			runOnlyForDeploymentPostprocessing = 0;
		};
		E89C64402F9C2A45006AA2CB /* Resources */ = {
			isa = PBXResourcesBuildPhase;
			buildActionMask = 2147483647;
			files = (
			);
			runOnlyForDeploymentPostprocessing = 0;
		};
		E89C644A2F9C2A45006AA2CB /* Resources */ = {
			isa = PBXResourcesBuildPhase;
			buildActionMask = 2147483647;
			files = (
			);
			runOnlyForDeploymentPostprocessing = 0;
		};
/* End PBXResourcesBuildPhase section */

/* Begin PBXSourcesBuildPhase section */
		E89C642E2F9C2A45006AA2CB /* Sources */ = {
			isa = PBXSourcesBuildPhase;
			buildActionMask = 2147483647;
			files = (
			);
			runOnlyForDeploymentPostprocessing = 0;
		};
		E89C643E2F9C2A45006AA2CB /* Sources */ = {
			isa = PBXSourcesBuildPhase;
			buildActionMask = 2147483647;
			files = (
			);
			runOnlyForDeploymentPostprocessing = 0;
		};
		E89C64482F9C2A45006AA2CB /* Sources */ = {
			isa = PBXSourcesBuildPhase;
			buildActionMask = 2147483647;
			files = (
			);
			runOnlyForDeploymentPostprocessing = 0;
		};
/* End PBXSourcesBuildPhase section */

/* Begin PBXTargetDependency section */
		E89C64442F9C2A45006AA2CB /* PBXTargetDependency */ = {
			isa = PBXTargetDependency;
			target = E89C64312F9C2A45006AA2CB /* AtividadeAcompanhamento2 */;
			targetProxy = E89C64432F9C2A45006AA2CB /* PBXContainerItemProxy */;
		};
		E89C644E2F9C2A45006AA2CB /* PBXTargetDependency */ = {
			isa = PBXTargetDependency;
			target = E89C64312F9C2A45006AA2CB /* AtividadeAcompanhamento2 */;
			targetProxy = E89C644D2F9C2A45006AA2CB /* PBXContainerItemProxy */;
		};
/* End PBXTargetDependency section */

/* Begin XCBuildConfiguration section */
		E89C64562F9C2A45006AA2CB /* Debug */ = {
			isa = XCBuildConfiguration;
			buildSettings = {
				ASSETCATALOG_COMPILER_APPICON_NAME = AppIcon;
				ASSETCATALOG_COMPILER_GLOBAL_ACCENT_COLOR_NAME = AccentColor;
				CODE_SIGN_STYLE = Automatic;
				CURRENT_PROJECT_VERSION = 1;
				ENABLE_PREVIEWS = YES;
				GENERATE_INFOPLIST_FILE = YES;
				INFOPLIST_FILE = AtividadeAcompanhamento2/Info.plist;
				INFOPLIST_KEY_UIApplicationSceneManifest_Generation = YES;
				INFOPLIST_KEY_UIApplicationSupportsIndirectInputEvents = YES;
				INFOPLIST_KEY_UILaunchScreen_Generation = YES;
				INFOPLIST_KEY_UISupportedInterfaceOrientations_iPad = "UIInterfaceOrientationPortrait UIInterfaceOrientationPortraitUpsideDown UIInterfaceOrientationLandscapeLeft UIInterfaceOrientationLandscapeRight";
				INFOPLIST_KEY_UISupportedInterfaceOrientations_iPhone = "UIInterfaceOrientationPortrait UIInterfaceOrientationLandscapeLeft UIInterfaceOrientationLandscapeRight";
				INFOPLIST_KEY_UISupportsDocumentBrowser = YES;
				LD_RUNPATH_SEARCH_PATHS = (
					"$(inherited)",
					"@executable_path/Frameworks",
				);
				MARKETING_VERSION = 1.0;
				PRODUCT_BUNDLE_IDENTIFIER = Capgemini.AtividadeAcompanhamento2;
				PRODUCT_NAME = "$(TARGET_NAME)";
				STRING_CATALOG_GENERATE_SYMBOLS = YES;
				SWIFT_APPROACHABLE_CONCURRENCY = YES;
				SWIFT_DEFAULT_ACTOR_ISOLATION = MainActor;
				SWIFT_EMIT_LOC_STRINGS = YES;
				SWIFT_UPCOMING_FEATURE_MEMBER_IMPORT_VISIBILITY = YES;
				SWIFT_VERSION = 5.0;
				TARGETED_DEVICE_FAMILY = "1,2";
			};
			name = Debug;
		};
		E89C64572F9C2A45006AA2CB /* Release */ = {
			isa = XCBuildConfiguration;
			buildSettings = {
				ASSETCATALOG_COMPILER_APPICON_NAME = AppIcon;
				ASSETCATALOG_COMPILER_GLOBAL_ACCENT_COLOR_NAME = AccentColor;
				CODE_SIGN_STYLE = Automatic;
				CURRENT_PROJECT_VERSION = 1;
				ENABLE_PREVIEWS = YES;
				GENERATE_INFOPLIST_FILE = YES;
				INFOPLIST_FILE = AtividadeAcompanhamento2/Info.plist;
				INFOPLIST_KEY_UIApplicationSceneManifest_Generation = YES;
				INFOPLIST_KEY_UIApplicationSupportsIndirectInputEvents = YES;
				INFOPLIST_KEY_UILaunchScreen_Generation = YES;
				INFOPLIST_KEY_UISupportedInterfaceOrientations_iPad = "UIInterfaceOrientationPortrait UIInterfaceOrientationPortraitUpsideDown UIInterfaceOrientationLandscapeLeft UIInterfaceOrientationLandscapeRight";
				INFOPLIST_KEY_UISupportedInterfaceOrientations_iPhone = "UIInterfaceOrientationPortrait UIInterfaceOrientationLandscapeLeft UIInterfaceOrientationLandscapeRight";
				INFOPLIST_KEY_UISupportsDocumentBrowser = YES;
				LD_RUNPATH_SEARCH_PATHS = (
					"$(inherited)",
					"@executable_path/Frameworks",
				);
				MARKETING_VERSION = 1.0;
				PRODUCT_BUNDLE_IDENTIFIER = Capgemini.AtividadeAcompanhamento2;
				PRODUCT_NAME = "$(TARGET_NAME)";
				STRING_CATALOG_GENERATE_SYMBOLS = YES;
				SWIFT_APPROACHABLE_CONCURRENCY = YES;
				SWIFT_DEFAULT_ACTOR_ISOLATION = MainActor;
				SWIFT_EMIT_LOC_STRINGS = YES;
				SWIFT_UPCOMING_FEATURE_MEMBER_IMPORT_VISIBILITY = YES;
				SWIFT_VERSION = 5.0;
				TARGETED_DEVICE_FAMILY = "1,2";
			};
			name = Release;
		};
		E89C64582F9C2A45006AA2CB /* Debug */ = {
			isa = XCBuildConfiguration;
			buildSettings = {
				ALWAYS_SEARCH_USER_PATHS = NO;
				ASSETCATALOG_COMPILER_GENERATE_SWIFT_ASSET_SYMBOL_EXTENSIONS = YES;
				CLANG_ANALYZER_NONNULL = YES;
				CLANG_ANALYZER_NUMBER_OBJECT_CONVERSION = YES_AGGRESSIVE;
				CLANG_CXX_LANGUAGE_STANDARD = "gnu++20";
				CLANG_ENABLE_MODULES = YES;
				CLANG_ENABLE_OBJC_ARC = YES;
				CLANG_ENABLE_OBJC_WEAK = YES;
				CLANG_WARN_BLOCK_CAPTURE_AUTORELEASING = YES;
				CLANG_WARN_BOOL_CONVERSION = YES;
				CLANG_WARN_COMMA = YES;
				CLANG_WARN_CONSTANT_CONVERSION = YES;
				CLANG_WARN_DEPRECATED_OBJC_IMPLEMENTATIONS = YES;
				CLANG_WARN_DIRECT_OBJC_ISA_USAGE = YES_ERROR;
				CLANG_WARN_DOCUMENTATION_COMMENTS = YES;
				CLANG_WARN_EMPTY_BODY = YES;
				CLANG_WARN_ENUM_CONVERSION = YES;
				CLANG_WARN_INFINITE_RECURSION = YES;
				CLANG_WARN_INT_CONVERSION = YES;
				CLANG_WARN_NON_LITERAL_NULL_CONVERSION = YES;
				CLANG_WARN_OBJC_IMPLICIT_RETAIN_SELF = YES;
				CLANG_WARN_OBJC_LITERAL_CONVERSION = YES;
				CLANG_WARN_OBJC_ROOT_CLASS = YES_ERROR;
				CLANG_WARN_QUOTED_INCLUDE_IN_FRAMEWORK_HEADER = YES;
				CLANG_WARN_RANGE_LOOP_ANALYSIS = YES;
				CLANG_WARN_STRICT_PROTOTYPES = YES;
				CLANG_WARN_SUSPICIOUS_MOVE = YES;
				CLANG_WARN_UNGUARDED_AVAILABILITY = YES_AGGRESSIVE;
				CLANG_WARN_UNREACHABLE_CODE = YES;
				CLANG_WARN__DUPLICATE_METHOD_MATCH = YES;
				COPY_PHASE_STRIP = NO;
				DEBUG_INFORMATION_FORMAT = dwarf;
				ENABLE_STRICT_OBJC_MSGSEND = YES;
				ENABLE_TESTABILITY = YES;
				ENABLE_USER_SCRIPT_SANDBOXING = YES;
				GCC_C_LANGUAGE_STANDARD = gnu17;
				GCC_DYNAMIC_NO_PIC = NO;
				GCC_NO_COMMON_BLOCKS = YES;
				GCC_OPTIMIZATION_LEVEL = 0;
				GCC_PREPROCESSOR_DEFINITIONS = (
					"DEBUG=1",
					"$(inherited)",
				);
				GCC_WARN_64_TO_32_BIT_CONVERSION = YES;
				GCC_WARN_ABOUT_RETURN_TYPE = YES_ERROR;
				GCC_WARN_UNDECLARED_SELECTOR = YES;
				GCC_WARN_UNINITIALIZED_AUTOS = YES_AGGRESSIVE;
				GCC_WARN_UNUSED_FUNCTION = YES;
				GCC_WARN_UNUSED_VARIABLE = YES;
				IPHONEOS_DEPLOYMENT_TARGET = 26.4;
				LOCALIZATION_PREFERS_STRING_CATALOGS = YES;
				MTL_ENABLE_DEBUG_INFO = INCLUDE_SOURCE;
				MTL_FAST_MATH = YES;
				ONLY_ACTIVE_ARCH = YES;
				SDKROOT = iphoneos;
				SWIFT_ACTIVE_COMPILATION_CONDITIONS = "DEBUG $(inherited)";
				SWIFT_OPTIMIZATION_LEVEL = "-Onone";
			};
			name = Debug;
		};
		E89C64592F9C2A45006AA2CB /* Release */ = {
			isa = XCBuildConfiguration;
			buildSettings = {
				ALWAYS_SEARCH_USER_PATHS = NO;
				ASSETCATALOG_COMPILER_GENERATE_SWIFT_ASSET_SYMBOL_EXTENSIONS = YES;
				CLANG_ANALYZER_NONNULL = YES;
				CLANG_ANALYZER_NUMBER_OBJECT_CONVERSION = YES_AGGRESSIVE;
				CLANG_CXX_LANGUAGE_STANDARD = "gnu++20";
				CLANG_ENABLE_MODULES = YES;
				CLANG_ENABLE_OBJC_ARC = YES;
				CLANG_ENABLE_OBJC_WEAK = YES;
				CLANG_WARN_BLOCK_CAPTURE_AUTORELEASING = YES;
				CLANG_WARN_BOOL_CONVERSION = YES;
				CLANG_WARN_COMMA = YES;
				CLANG_WARN_CONSTANT_CONVERSION = YES;
				CLANG_WARN_DEPRECATED_OBJC_IMPLEMENTATIONS = YES;
				CLANG_WARN_DIRECT_OBJC_ISA_USAGE = YES_ERROR;
				CLANG_WARN_DOCUMENTATION_COMMENTS = YES;
				CLANG_WARN_EMPTY_BODY = YES;
				CLANG_WARN_ENUM_CONVERSION = YES;
				CLANG_WARN_INFINITE_RECURSION = YES;
				CLANG_WARN_INT_CONVERSION = YES;
				CLANG_WARN_NON_LITERAL_NULL_CONVERSION = YES;
				CLANG_WARN_OBJC_IMPLICIT_RETAIN_SELF = YES;
				CLANG_WARN_OBJC_LITERAL_CONVERSION = YES;
				CLANG_WARN_OBJC_ROOT_CLASS = YES_ERROR;
				CLANG_WARN_QUOTED_INCLUDE_IN_FRAMEWORK_HEADER = YES;
				CLANG_WARN_RANGE_LOOP_ANALYSIS = YES;
				CLANG_WARN_STRICT_PROTOTYPES = YES;
				CLANG_WARN_SUSPICIOUS_MOVE = YES;
				CLANG_WARN_UNGUARDED_AVAILABILITY = YES_AGGRESSIVE;
				CLANG_WARN_UNREACHABLE_CODE = YES;
				CLANG_WARN__DUPLICATE_METHOD_MATCH = YES;
				COPY_PHASE_STRIP = NO;
				DEBUG_INFORMATION_FORMAT = "dwarf-with-dsym";
				ENABLE_NS_ASSERTIONS = NO;
				ENABLE_STRICT_OBJC_MSGSEND = YES;
				ENABLE_USER_SCRIPT_SANDBOXING = YES;
				GCC_C_LANGUAGE_STANDARD = gnu17;
				GCC_NO_COMMON_BLOCKS = YES;
				GCC_WARN_64_TO_32_BIT_CONVERSION = YES;
				GCC_WARN_ABOUT_RETURN_TYPE = YES_ERROR;
				GCC_WARN_UNDECLARED_SELECTOR = YES;
				GCC_WARN_UNINITIALIZED_AUTOS = YES_AGGRESSIVE;
				GCC_WARN_UNUSED_FUNCTION = YES;
				GCC_WARN_UNUSED_VARIABLE = YES;
				IPHONEOS_DEPLOYMENT_TARGET = 26.4;
				LOCALIZATION_PREFERS_STRING_CATALOGS = YES;
				MTL_ENABLE_DEBUG_INFO = NO;
				MTL_FAST_MATH = YES;
				SDKROOT = iphoneos;
				SWIFT_COMPILATION_MODE = wholemodule;
				VALIDATE_PRODUCT = YES;
			};
			name = Release;
		};
		E89C645B2F9C2A45006AA2CB /* Debug */ = {
			isa = XCBuildConfiguration;
			buildSettings = {
				BUNDLE_LOADER = "$(TEST_HOST)";
				CODE_SIGN_STYLE = Automatic;
				CURRENT_PROJECT_VERSION = 1;
				GENERATE_INFOPLIST_FILE = YES;
				IPHONEOS_DEPLOYMENT_TARGET = 26.4;
				MARKETING_VERSION = 1.0;
				PRODUCT_BUNDLE_IDENTIFIER = Capgemini.AtividadeAcompanhamento2Tests;
				PRODUCT_NAME = "$(TARGET_NAME)";
				STRING_CATALOG_GENERATE_SYMBOLS = NO;
				SWIFT_APPROACHABLE_CONCURRENCY = YES;
				SWIFT_EMIT_LOC_STRINGS = NO;
				SWIFT_UPCOMING_FEATURE_MEMBER_IMPORT_VISIBILITY = YES;
				SWIFT_VERSION = 5.0;
				TARGETED_DEVICE_FAMILY = "1,2";
				TEST_HOST = "$(BUILT_PRODUCTS_DIR)/AtividadeAcompanhamento2.app/$(BUNDLE_EXECUTABLE_FOLDER_PATH)/AtividadeAcompanhamento2";
			};
			name = Debug;
		};
		E89C645C2F9C2A45006AA2CB /* Release */ = {
			isa = XCBuildConfiguration;
			buildSettings = {
				BUNDLE_LOADER = "$(TEST_HOST)";
				CODE_SIGN_STYLE = Automatic;
				CURRENT_PROJECT_VERSION = 1;
				GENERATE_INFOPLIST_FILE = YES;
				IPHONEOS_DEPLOYMENT_TARGET = 26.4;
				MARKETING_VERSION = 1.0;
				PRODUCT_BUNDLE_IDENTIFIER = Capgemini.AtividadeAcompanhamento2Tests;
				PRODUCT_NAME = "$(TARGET_NAME)";
				STRING_CATALOG_GENERATE_SYMBOLS = NO;
				SWIFT_APPROACHABLE_CONCURRENCY = YES;
				SWIFT_EMIT_LOC_STRINGS = NO;
				SWIFT_UPCOMING_FEATURE_MEMBER_IMPORT_VISIBILITY = YES;
				SWIFT_VERSION = 5.0;
				TARGETED_DEVICE_FAMILY = "1,2";
				TEST_HOST = "$(BUILT_PRODUCTS_DIR)/AtividadeAcompanhamento2.app/$(BUNDLE_EXECUTABLE_FOLDER_PATH)/AtividadeAcompanhamento2";
			};
			name = Release;
		};
		E89C645E2F9C2A45006AA2CB /* Debug */ = {
			isa = XCBuildConfiguration;
			buildSettings = {
				CODE_SIGN_STYLE = Automatic;
				CURRENT_PROJECT_VERSION = 1;
				GENERATE_INFOPLIST_FILE = YES;
				MARKETING_VERSION = 1.0;
				PRODUCT_BUNDLE_IDENTIFIER = Capgemini.AtividadeAcompanhamento2UITests;
				PRODUCT_NAME = "$(TARGET_NAME)";
				STRING_CATALOG_GENERATE_SYMBOLS = NO;
				SWIFT_APPROACHABLE_CONCURRENCY = YES;
				SWIFT_EMIT_LOC_STRINGS = NO;
				SWIFT_UPCOMING_FEATURE_MEMBER_IMPORT_VISIBILITY = YES;
				SWIFT_VERSION = 5.0;
				TARGETED_DEVICE_FAMILY = "1,2";
				TEST_TARGET_NAME = AtividadeAcompanhamento2;
			};
			name = Debug;
		};
		E89C645F2F9C2A45006AA2CB /* Release */ = {
			isa = XCBuildConfiguration;
			buildSettings = {
				CODE_SIGN_STYLE = Automatic;
				CURRENT_PROJECT_VERSION = 1;
				GENERATE_INFOPLIST_FILE = YES;
				MARKETING_VERSION = 1.0;
				PRODUCT_BUNDLE_IDENTIFIER = Capgemini.AtividadeAcompanhamento2UITests;
				PRODUCT_NAME = "$(TARGET_NAME)";
				STRING_CATALOG_GENERATE_SYMBOLS = NO;
				SWIFT_APPROACHABLE_CONCURRENCY = YES;
				SWIFT_EMIT_LOC_STRINGS = NO;
				SWIFT_UPCOMING_FEATURE_MEMBER_IMPORT_VISIBILITY = YES;
				SWIFT_VERSION = 5.0;
				TARGETED_DEVICE_FAMILY = "1,2";
				TEST_TARGET_NAME = AtividadeAcompanhamento2;
			};
			name = Release;
		};
/* End XCBuildConfiguration section */

/* Begin XCConfigurationList section */
		E89C642D2F9C2A45006AA2CB /* Build configuration list for PBXProject "AtividadeAcompanhamento2" */ = {
			isa = XCConfigurationList;
			buildConfigurations = (
				E89C64582F9C2A45006AA2CB /* Debug */,
				E89C64592F9C2A45006AA2CB /* Release */,
			);
			defaultConfigurationIsVisible = 0;
			defaultConfigurationName = Release;
		};
		E89C64552F9C2A45006AA2CB /* Build configuration list for PBXNativeTarget "AtividadeAcompanhamento2" */ = {
			isa = XCConfigurationList;
			buildConfigurations = (
				E89C64562F9C2A45006AA2CB /* Debug */,
				E89C64572F9C2A45006AA2CB /* Release */,
			);
			defaultConfigurationIsVisible = 0;
			defaultConfigurationName = Release;
		};
		E89C645A2F9C2A45006AA2CB /* Build configuration list for PBXNativeTarget "AtividadeAcompanhamento2Tests" */ = {
			isa = XCConfigurationList;
			buildConfigurations = (
				E89C645B2F9C2A45006AA2CB /* Debug */,
				E89C645C2F9C2A45006AA2CB /* Release */,
			);
			defaultConfigurationIsVisible = 0;
			defaultConfigurationName = Release;
		};
		E89C645D2F9C2A45006AA2CB /* Build configuration list for PBXNativeTarget "AtividadeAcompanhamento2UITests" */ = {
			isa = XCConfigurationList;
			buildConfigurations = (
				E89C645E2F9C2A45006AA2CB /* Debug */,
				E89C645F2F9C2A45006AA2CB /* Release */,
			);
			defaultConfigurationIsVisible = 0;
			defaultConfigurationName = Release;
		};
/* End XCConfigurationList section */
	};
	rootObject = E89C642A2F9C2A45006AA2CB /* Project object */;
}
